
Microsoft Visual Studio Solution File, Format Version 12.00
# Visual Studio 14
VisualStudioVersion = 14.0.23107.0
MinimumVisualStudioVersion = 10.0.40219.1
Project("{8BC9CEB8-8B4A-11D0-8D11-00A0C91BC942}") = "RedisAsgiHandlerLib", "RedisAsgiHandlerLib\RedisAsgiHandlerLib.vcxproj", "{66223674-CE18-4249-B02D-80377E46F114}"
EndProject
Project("{2150E333-8FDC-42A3-9474-1A3956D46DE8}") = "redis", "redis", "{D1399492-D1FD-47F8-B3C1-7A692E845AEE}"
EndProject
Project("{2150E333-8FDC-42A3-9474-1A3956D46DE8}") = "deps", "deps", "{D220EDF0-E6D7-4DBA-A942-EBD0FAB196FF}"
EndProject
Project("{8BC9CEB8-8B4A-11D0-8D11-00A0C91BC942}") = "msgpackc-static", "deps\msgpack-c\msgpackc-static.vcxproj", "{077B1DCE-B453-327F-BF3F-DEAB170280ED}"
EndProject
Project("{8BC9CEB8-8B4A-11D0-8D11-00A0C91BC942}") = "RedisAsgiHandler", "RedisAsgiHandler\RedisAsgiHandler.vcxproj", "{D2EA1418-C4BF-4371-8DFD-923B3AB041AF}"
EndProject
Project("{888888A0-9F3D-457C-B088-3A5042F75D52}") = "IntegrationTests", "IntegrationTests\IntegrationTests.pyproj", "{9C4D5E4F-835A-4DCE-A277-F75097C81454}"
EndProject
Project("{8BC9CEB8-8B4A-11D0-8D11-00A0C91BC942}") = "cli", "cli\cli.vcxproj", "{C414CB0F-CECA-464F-9597-AFFE67045AC6}"
EndProject
Project("{8BC9CEB8-8B4A-11D0-8D11-00A0C91BC942}") = "hiredis-ae-iocp", "deps\hiredis-ae-iocp\hiredis-ae-iocp.vcxproj", "{622CDFC1-956D-4B99-8362-ACF14C959EE1}"
EndProject
Project("{8BC9CEB8-8B4A-11D0-8D11-00A0C91BC942}") = "win32_interop", "deps\hiredis\msvs\vs-solutions\vs2015\win32_interop.vcxproj", "{8C07F811-C81C-432C-B334-1AE6FAECF951}"
EndProject
Project("{8BC9CEB8-8B4A-11D0-8D11-00A0C91BC942}") = "hiredis", "deps\hiredis\msvs\vs-solutions\vs2015\hiredis.vcxproj", "{13E85053-54B3-487B-8DDB-3430B1C1B3BF}"
EndProject
Project("{8BC9CEB8-8B4A-11D0-8D11-00A0C91BC942}") = "RedisAsgiHandlerTest", "RedisAsgiHandlerTest\RedisAsgiHandlerTest.vcxproj", "{40B2E24B-4EA2-404C-BFD6-86F68BE17910}"
EndProject
Project("{8BC9CEB8-8B4A-11D0-8D11-00A0C91BC942}") = "gtest", "deps\googletest\googletest\msvc\gtest.vcxproj", "{C8F6C172-56F2-4E76-B5FA-C3B423B31BE7}"
EndProject
Project("{8BC9CEB8-8B4A-11D0-8D11-00A0C91BC942}") = "gmock", "deps\googletest\googlemock\msvc\2010\gmock.vcxproj", "{34681F0D-CE45-415D-B5F2-5C662DFE3BD5}"
EndProject
Global
	GlobalSection(SolutionConfigurationPlatforms) = preSolution
		Debug|Any CPU = Debug|Any CPU
		Debug|x64 = Debug|x64
		Debug|x86 = Debug|x86
		MinSizeRel|Any CPU = MinSizeRel|Any CPU
		MinSizeRel|x64 = MinSizeRel|x64
		MinSizeRel|x86 = MinSizeRel|x86
		Release|Any CPU = Release|Any CPU
		Release|x64 = Release|x64
		Release|x86 = Release|x86
		RelWithDebInfo|Any CPU = RelWithDebInfo|Any CPU
		RelWithDebInfo|x64 = RelWithDebInfo|x64
		RelWithDebInfo|x86 = RelWithDebInfo|x86
	EndGlobalSection
	GlobalSection(ProjectConfigurationPlatforms) = postSolution
		{66223674-CE18-4249-B02D-80377E46F114}.Debug|Any CPU.ActiveCfg = Debug|Win32
		{66223674-CE18-4249-B02D-80377E46F114}.Debug|x64.ActiveCfg = Debug|x64
		{66223674-CE18-4249-B02D-80377E46F114}.Debug|x64.Build.0 = Debug|x64
		{66223674-CE18-4249-B02D-80377E46F114}.Debug|x86.ActiveCfg = Debug|Win32
		{66223674-CE18-4249-B02D-80377E46F114}.Debug|x86.Build.0 = Debug|Win32
		{66223674-CE18-4249-B02D-80377E46F114}.MinSizeRel|Any CPU.ActiveCfg = Release|Win32
		{66223674-CE18-4249-B02D-80377E46F114}.MinSizeRel|Any CPU.Build.0 = Release|Win32
		{66223674-CE18-4249-B02D-80377E46F114}.MinSizeRel|x64.ActiveCfg = Release|x64
		{66223674-CE18-4249-B02D-80377E46F114}.MinSizeRel|x64.Build.0 = Release|x64
		{66223674-CE18-4249-B02D-80377E46F114}.MinSizeRel|x86.ActiveCfg = Release|Win32
		{66223674-CE18-4249-B02D-80377E46F114}.MinSizeRel|x86.Build.0 = Release|Win32
		{66223674-CE18-4249-B02D-80377E46F114}.Release|Any CPU.ActiveCfg = Release|Win32
		{66223674-CE18-4249-B02D-80377E46F114}.Release|x64.ActiveCfg = Release|x64
		{66223674-CE18-4249-B02D-80377E46F114}.Release|x64.Build.0 = Release|x64
		{66223674-CE18-4249-B02D-80377E46F114}.Release|x86.ActiveCfg = Release|Win32
		{66223674-CE18-4249-B02D-80377E46F114}.Release|x86.Build.0 = Release|Win32
		{66223674-CE18-4249-B02D-80377E46F114}.RelWithDebInfo|Any CPU.ActiveCfg = Release|Win32
		{66223674-CE18-4249-B02D-80377E46F114}.RelWithDebInfo|Any CPU.Build.0 = Release|Win32
		{66223674-CE18-4249-B02D-80377E46F114}.RelWithDebInfo|x64.ActiveCfg = Release|x64
		{66223674-CE18-4249-B02D-80377E46F114}.RelWithDebInfo|x64.Build.0 = Release|x64
		{66223674-CE18-4249-B02D-80377E46F114}.RelWithDebInfo|x86.ActiveCfg = Release|Win32
		{66223674-CE18-4249-B02D-80377E46F114}.RelWithDebInfo|x86.Build.0 = Release|Win32
		{077B1DCE-B453-327F-BF3F-DEAB170280ED}.Debug|Any CPU.ActiveCfg = Debug|Win32
		{077B1DCE-B453-327F-BF3F-DEAB170280ED}.Debug|x64.ActiveCfg = Debug|Win32
		{077B1DCE-B453-327F-BF3F-DEAB170280ED}.Debug|x86.ActiveCfg = Debug|Win32
		{077B1DCE-B453-327F-BF3F-DEAB170280ED}.Debug|x86.Build.0 = Debug|Win32
		{077B1DCE-B453-327F-BF3F-DEAB170280ED}.MinSizeRel|Any CPU.ActiveCfg = MinSizeRel|Win32
		{077B1DCE-B453-327F-BF3F-DEAB170280ED}.MinSizeRel|x64.ActiveCfg = MinSizeRel|Win32
		{077B1DCE-B453-327F-BF3F-DEAB170280ED}.MinSizeRel|x86.ActiveCfg = MinSizeRel|Win32
		{077B1DCE-B453-327F-BF3F-DEAB170280ED}.MinSizeRel|x86.Build.0 = MinSizeRel|Win32
		{077B1DCE-B453-327F-BF3F-DEAB170280ED}.Release|Any CPU.ActiveCfg = Release|Win32
		{077B1DCE-B453-327F-BF3F-DEAB170280ED}.Release|x64.ActiveCfg = Release|Win32
		{077B1DCE-B453-327F-BF3F-DEAB170280ED}.Release|x86.ActiveCfg = Release|Win32
		{077B1DCE-B453-327F-BF3F-DEAB170280ED}.Release|x86.Build.0 = Release|Win32
		{077B1DCE-B453-327F-BF3F-DEAB170280ED}.RelWithDebInfo|Any CPU.ActiveCfg = RelWithDebInfo|Win32
		{077B1DCE-B453-327F-BF3F-DEAB170280ED}.RelWithDebInfo|x64.ActiveCfg = RelWithDebInfo|Win32
		{077B1DCE-B453-327F-BF3F-DEAB170280ED}.RelWithDebInfo|x86.ActiveCfg = RelWithDebInfo|Win32
		{077B1DCE-B453-327F-BF3F-DEAB170280ED}.RelWithDebInfo|x86.Build.0 = RelWithDebInfo|Win32
		{D2EA1418-C4BF-4371-8DFD-923B3AB041AF}.Debug|Any CPU.ActiveCfg = Debug|Win32
		{D2EA1418-C4BF-4371-8DFD-923B3AB041AF}.Debug|x64.ActiveCfg = Debug|x64
		{D2EA1418-C4BF-4371-8DFD-923B3AB041AF}.Debug|x64.Build.0 = Debug|x64
		{D2EA1418-C4BF-4371-8DFD-923B3AB041AF}.Debug|x86.ActiveCfg = Debug|Win32
		{D2EA1418-C4BF-4371-8DFD-923B3AB041AF}.Debug|x86.Build.0 = Debug|Win32
		{D2EA1418-C4BF-4371-8DFD-923B3AB041AF}.MinSizeRel|Any CPU.ActiveCfg = Release|Win32
		{D2EA1418-C4BF-4371-8DFD-923B3AB041AF}.MinSizeRel|Any CPU.Build.0 = Release|Win32
		{D2EA1418-C4BF-4371-8DFD-923B3AB041AF}.MinSizeRel|x64.ActiveCfg = Release|x64
		{D2EA1418-C4BF-4371-8DFD-923B3AB041AF}.MinSizeRel|x64.Build.0 = Release|x64
		{D2EA1418-C4BF-4371-8DFD-923B3AB041AF}.MinSizeRel|x86.ActiveCfg = Release|Win32
		{D2EA1418-C4BF-4371-8DFD-923B3AB041AF}.MinSizeRel|x86.Build.0 = Release|Win32
		{D2EA1418-C4BF-4371-8DFD-923B3AB041AF}.Release|Any CPU.ActiveCfg = Release|Win32
		{D2EA1418-C4BF-4371-8DFD-923B3AB041AF}.Release|x64.ActiveCfg = Release|x64
		{D2EA1418-C4BF-4371-8DFD-923B3AB041AF}.Release|x64.Build.0 = Release|x64
		{D2EA1418-C4BF-4371-8DFD-923B3AB041AF}.Release|x86.ActiveCfg = Release|Win32
		{D2EA1418-C4BF-4371-8DFD-923B3AB041AF}.Release|x86.Build.0 = Release|Win32
		{D2EA1418-C4BF-4371-8DFD-923B3AB041AF}.RelWithDebInfo|Any CPU.ActiveCfg = Release|Win32
		{D2EA1418-C4BF-4371-8DFD-923B3AB041AF}.RelWithDebInfo|Any CPU.Build.0 = Release|Win32
		{D2EA1418-C4BF-4371-8DFD-923B3AB041AF}.RelWithDebInfo|x64.ActiveCfg = Release|x64
		{D2EA1418-C4BF-4371-8DFD-923B3AB041AF}.RelWithDebInfo|x64.Build.0 = Release|x64
		{D2EA1418-C4BF-4371-8DFD-923B3AB041AF}.RelWithDebInfo|x86.ActiveCfg = Release|Win32
		{D2EA1418-C4BF-4371-8DFD-923B3AB041AF}.RelWithDebInfo|x86.Build.0 = Release|Win32
		{9C4D5E4F-835A-4DCE-A277-F75097C81454}.Debug|Any CPU.ActiveCfg = Debug|Any CPU
		{9C4D5E4F-835A-4DCE-A277-F75097C81454}.Debug|x64.ActiveCfg = Debug|Any CPU
		{9C4D5E4F-835A-4DCE-A277-F75097C81454}.Debug|x86.ActiveCfg = Debug|Any CPU
		{9C4D5E4F-835A-4DCE-A277-F75097C81454}.MinSizeRel|Any CPU.ActiveCfg = Release|Any CPU
		{9C4D5E4F-835A-4DCE-A277-F75097C81454}.MinSizeRel|x64.ActiveCfg = Release|Any CPU
		{9C4D5E4F-835A-4DCE-A277-F75097C81454}.MinSizeRel|x86.ActiveCfg = Release|Any CPU
		{9C4D5E4F-835A-4DCE-A277-F75097C81454}.Release|Any CPU.ActiveCfg = Release|Any CPU
		{9C4D5E4F-835A-4DCE-A277-F75097C81454}.Release|x64.ActiveCfg = Release|Any CPU
		{9C4D5E4F-835A-4DCE-A277-F75097C81454}.Release|x86.ActiveCfg = Release|Any CPU
		{9C4D5E4F-835A-4DCE-A277-F75097C81454}.RelWithDebInfo|Any CPU.ActiveCfg = Release|Any CPU
		{9C4D5E4F-835A-4DCE-A277-F75097C81454}.RelWithDebInfo|x64.ActiveCfg = Release|Any CPU
		{9C4D5E4F-835A-4DCE-A277-F75097C81454}.RelWithDebInfo|x86.ActiveCfg = Release|Any CPU
		{C414CB0F-CECA-464F-9597-AFFE67045AC6}.Debug|Any CPU.ActiveCfg = Debug|Win32
		{C414CB0F-CECA-464F-9597-AFFE67045AC6}.Debug|x64.ActiveCfg = Debug|x64
		{C414CB0F-CECA-464F-9597-AFFE67045AC6}.Debug|x64.Build.0 = Debug|x64
		{C414CB0F-CECA-464F-9597-AFFE67045AC6}.Debug|x86.ActiveCfg = Debug|Win32
		{C414CB0F-CECA-464F-9597-AFFE67045AC6}.Debug|x86.Build.0 = Debug|Win32
		{C414CB0F-CECA-464F-9597-AFFE67045AC6}.MinSizeRel|Any CPU.ActiveCfg = Release|x64
		{C414CB0F-CECA-464F-9597-AFFE67045AC6}.MinSizeRel|Any CPU.Build.0 = Release|x64
		{C414CB0F-CECA-464F-9597-AFFE67045AC6}.MinSizeRel|x64.ActiveCfg = Release|x64
		{C414CB0F-CECA-464F-9597-AFFE67045AC6}.MinSizeRel|x64.Build.0 = Release|x64
		{C414CB0F-CECA-464F-9597-AFFE67045AC6}.MinSizeRel|x86.ActiveCfg = Release|Win32
		{C414CB0F-CECA-464F-9597-AFFE67045AC6}.MinSizeRel|x86.Build.0 = Release|Win32
		{C414CB0F-CECA-464F-9597-AFFE67045AC6}.Release|Any CPU.ActiveCfg = Release|Win32
		{C414CB0F-CECA-464F-9597-AFFE67045AC6}.Release|x64.ActiveCfg = Release|x64
		{C414CB0F-CECA-464F-9597-AFFE67045AC6}.Release|x64.Build.0 = Release|x64
		{C414CB0F-CECA-464F-9597-AFFE67045AC6}.Release|x86.ActiveCfg = Release|Win32
		{C414CB0F-CECA-464F-9597-AFFE67045AC6}.Release|x86.Build.0 = Release|Win32
		{C414CB0F-CECA-464F-9597-AFFE67045AC6}.RelWithDebInfo|Any CPU.ActiveCfg = Release|x64
		{C414CB0F-CECA-464F-9597-AFFE67045AC6}.RelWithDebInfo|Any CPU.Build.0 = Release|x64
		{C414CB0F-CECA-464F-9597-AFFE67045AC6}.RelWithDebInfo|x64.ActiveCfg = Release|x64
		{C414CB0F-CECA-464F-9597-AFFE67045AC6}.RelWithDebInfo|x64.Build.0 = Release|x64
		{C414CB0F-CECA-464F-9597-AFFE67045AC6}.RelWithDebInfo|x86.ActiveCfg = Release|Win32
		{C414CB0F-CECA-464F-9597-AFFE67045AC6}.RelWithDebInfo|x86.Build.0 = Release|Win32
		{622CDFC1-956D-4B99-8362-ACF14C959EE1}.Debug|Any CPU.ActiveCfg = Debug|Win32
		{622CDFC1-956D-4B99-8362-ACF14C959EE1}.Debug|x64.ActiveCfg = Debug|x64
		{622CDFC1-956D-4B99-8362-ACF14C959EE1}.Debug|x64.Build.0 = Debug|x64
		{622CDFC1-956D-4B99-8362-ACF14C959EE1}.Debug|x86.ActiveCfg = Debug|Win32
		{622CDFC1-956D-4B99-8362-ACF14C959EE1}.Debug|x86.Build.0 = Debug|Win32
		{622CDFC1-956D-4B99-8362-ACF14C959EE1}.MinSizeRel|Any CPU.ActiveCfg = Release|x64
		{622CDFC1-956D-4B99-8362-ACF14C959EE1}.MinSizeRel|Any CPU.Build.0 = Release|x64
		{622CDFC1-956D-4B99-8362-ACF14C959EE1}.MinSizeRel|x64.ActiveCfg = Release|x64
		{622CDFC1-956D-4B99-8362-ACF14C959EE1}.MinSizeRel|x64.Build.0 = Release|x64
		{622CDFC1-956D-4B99-8362-ACF14C959EE1}.MinSizeRel|x86.ActiveCfg = Release|Win32
		{622CDFC1-956D-4B99-8362-ACF14C959EE1}.MinSizeRel|x86.Build.0 = Release|Win32
		{622CDFC1-956D-4B99-8362-ACF14C959EE1}.Release|Any CPU.ActiveCfg = Release|Win32
		{622CDFC1-956D-4B99-8362-ACF14C959EE1}.Release|x64.ActiveCfg = Release|x64
		{622CDFC1-956D-4B99-8362-ACF14C959EE1}.Release|x64.Build.0 = Release|x64
		{622CDFC1-956D-4B99-8362-ACF14C959EE1}.Release|x86.ActiveCfg = Release|Win32
		{622CDFC1-956D-4B99-8362-ACF14C959EE1}.Release|x86.Build.0 = Release|Win32
		{622CDFC1-956D-4B99-8362-ACF14C959EE1}.RelWithDebInfo|Any CPU.ActiveCfg = Release|x64
		{622CDFC1-956D-4B99-8362-ACF14C959EE1}.RelWithDebInfo|Any CPU.Build.0 = Release|x64
		{622CDFC1-956D-4B99-8362-ACF14C959EE1}.RelWithDebInfo|x64.ActiveCfg = Release|x64
		{622CDFC1-956D-4B99-8362-ACF14C959EE1}.RelWithDebInfo|x64.Build.0 = Release|x64
		{622CDFC1-956D-4B99-8362-ACF14C959EE1}.RelWithDebInfo|x86.ActiveCfg = Release|Win32
		{622CDFC1-956D-4B99-8362-ACF14C959EE1}.RelWithDebInfo|x86.Build.0 = Release|Win32
		{8C07F811-C81C-432C-B334-1AE6FAECF951}.Debug|Any CPU.ActiveCfg = Debug|Win32
		{8C07F811-C81C-432C-B334-1AE6FAECF951}.Debug|x64.ActiveCfg = Debug|x64
		{8C07F811-C81C-432C-B334-1AE6FAECF951}.Debug|x64.Build.0 = Debug|x64
		{8C07F811-C81C-432C-B334-1AE6FAECF951}.Debug|x86.ActiveCfg = Debug|Win32
		{8C07F811-C81C-432C-B334-1AE6FAECF951}.Debug|x86.Build.0 = Debug|Win32
		{8C07F811-C81C-432C-B334-1AE6FAECF951}.MinSizeRel|Any CPU.ActiveCfg = Release|x64
		{8C07F811-C81C-432C-B334-1AE6FAECF951}.MinSizeRel|Any CPU.Build.0 = Release|x64
		{8C07F811-C81C-432C-B334-1AE6FAECF951}.MinSizeRel|x64.ActiveCfg = Release|x64
		{8C07F811-C81C-432C-B334-1AE6FAECF951}.MinSizeRel|x64.Build.0 = Release|x64
		{8C07F811-C81C-432C-B334-1AE6FAECF951}.MinSizeRel|x86.ActiveCfg = Release|Win32
		{8C07F811-C81C-432C-B334-1AE6FAECF951}.MinSizeRel|x86.Build.0 = Release|Win32
		{8C07F811-C81C-432C-B334-1AE6FAECF951}.Release|Any CPU.ActiveCfg = Release|Win32
		{8C07F811-C81C-432C-B334-1AE6FAECF951}.Release|x64.ActiveCfg = Release|x64
		{8C07F811-C81C-432C-B334-1AE6FAECF951}.Release|x64.Build.0 = Release|x64
		{8C07F811-C81C-432C-B334-1AE6FAECF951}.Release|x86.ActiveCfg = Release|Win32
		{8C07F811-C81C-432C-B334-1AE6FAECF951}.Release|x86.Build.0 = Release|Win32
		{8C07F811-C81C-432C-B334-1AE6FAECF951}.RelWithDebInfo|Any CPU.ActiveCfg = Release|x64
		{8C07F811-C81C-432C-B334-1AE6FAECF951}.RelWithDebInfo|Any CPU.Build.0 = Release|x64
		{8C07F811-C81C-432C-B334-1AE6FAECF951}.RelWithDebInfo|x64.ActiveCfg = Release|x64
		{8C07F811-C81C-432C-B334-1AE6FAECF951}.RelWithDebInfo|x64.Build.0 = Release|x64
		{8C07F811-C81C-432C-B334-1AE6FAECF951}.RelWithDebInfo|x86.ActiveCfg = Release|Win32
		{8C07F811-C81C-432C-B334-1AE6FAECF951}.RelWithDebInfo|x86.Build.0 = Release|Win32
		{13E85053-54B3-487B-8DDB-3430B1C1B3BF}.Debug|Any CPU.ActiveCfg = Debug|Win32
		{13E85053-54B3-487B-8DDB-3430B1C1B3BF}.Debug|x64.ActiveCfg = Debug|x64
		{13E85053-54B3-487B-8DDB-3430B1C1B3BF}.Debug|x64.Build.0 = Debug|x64
		{13E85053-54B3-487B-8DDB-3430B1C1B3BF}.Debug|x86.ActiveCfg = Debug|Win32
		{13E85053-54B3-487B-8DDB-3430B1C1B3BF}.Debug|x86.Build.0 = Debug|Win32
		{13E85053-54B3-487B-8DDB-3430B1C1B3BF}.MinSizeRel|Any CPU.ActiveCfg = Release|x64
		{13E85053-54B3-487B-8DDB-3430B1C1B3BF}.MinSizeRel|Any CPU.Build.0 = Release|x64
		{13E85053-54B3-487B-8DDB-3430B1C1B3BF}.MinSizeRel|x64.ActiveCfg = Release|x64
		{13E85053-54B3-487B-8DDB-3430B1C1B3BF}.MinSizeRel|x64.Build.0 = Release|x64
		{13E85053-54B3-487B-8DDB-3430B1C1B3BF}.MinSizeRel|x86.ActiveCfg = Release|Win32
		{13E85053-54B3-487B-8DDB-3430B1C1B3BF}.MinSizeRel|x86.Build.0 = Release|Win32
		{13E85053-54B3-487B-8DDB-3430B1C1B3BF}.Release|Any CPU.ActiveCfg = Release|Win32
		{13E85053-54B3-487B-8DDB-3430B1C1B3BF}.Release|x64.ActiveCfg = Release|x64
		{13E85053-54B3-487B-8DDB-3430B1C1B3BF}.Release|x64.Build.0 = Release|x64
		{13E85053-54B3-487B-8DDB-3430B1C1B3BF}.Release|x86.ActiveCfg = Release|Win32
		{13E85053-54B3-487B-8DDB-3430B1C1B3BF}.Release|x86.Build.0 = Release|Win32
		{13E85053-54B3-487B-8DDB-3430B1C1B3BF}.RelWithDebInfo|Any CPU.ActiveCfg = Release|x64
		{13E85053-54B3-487B-8DDB-3430B1C1B3BF}.RelWithDebInfo|Any CPU.Build.0 = Release|x64
		{13E85053-54B3-487B-8DDB-3430B1C1B3BF}.RelWithDebInfo|x64.ActiveCfg = Release|x64
		{13E85053-54B3-487B-8DDB-3430B1C1B3BF}.RelWithDebInfo|x64.Build.0 = Release|x64
		{13E85053-54B3-487B-8DDB-3430B1C1B3BF}.RelWithDebInfo|x86.ActiveCfg = Release|Win32
		{13E85053-54B3-487B-8DDB-3430B1C1B3BF}.RelWithDebInfo|x86.Build.0 = Release|Win32
		{40B2E24B-4EA2-404C-BFD6-86F68BE17910}.Debug|Any CPU.ActiveCfg = Debug|Win32
		{40B2E24B-4EA2-404C-BFD6-86F68BE17910}.Debug|x64.ActiveCfg = Debug|x64
		{40B2E24B-4EA2-404C-BFD6-86F68BE17910}.Debug|x64.Build.0 = Debug|x64
		{40B2E24B-4EA2-404C-BFD6-86F68BE17910}.Debug|x86.ActiveCfg = Debug|Win32
		{40B2E24B-4EA2-404C-BFD6-86F68BE17910}.Debug|x86.Build.0 = Debug|Win32
		{40B2E24B-4EA2-404C-BFD6-86F68BE17910}.MinSizeRel|Any CPU.ActiveCfg = Release|x64
		{40B2E24B-4EA2-404C-BFD6-86F68BE17910}.MinSizeRel|Any CPU.Build.0 = Release|x64
		{40B2E24B-4EA2-404C-BFD6-86F68BE17910}.MinSizeRel|x64.ActiveCfg = Release|x64
		{40B2E24B-4EA2-404C-BFD6-86F68BE17910}.MinSizeRel|x64.Build.0 = Release|x64
		{40B2E24B-4EA2-404C-BFD6-86F68BE17910}.MinSizeRel|x86.ActiveCfg = Release|Win32
		{40B2E24B-4EA2-404C-BFD6-86F68BE17910}.MinSizeRel|x86.Build.0 = Release|Win32
		{40B2E24B-4EA2-404C-BFD6-86F68BE17910}.Release|Any CPU.ActiveCfg = Release|Win32
		{40B2E24B-4EA2-404C-BFD6-86F68BE17910}.Release|x64.ActiveCfg = Release|x64
		{40B2E24B-4EA2-404C-BFD6-86F68BE17910}.Release|x64.Build.0 = Release|x64
		{40B2E24B-4EA2-404C-BFD6-86F68BE17910}.Release|x86.ActiveCfg = Release|Win32
		{40B2E24B-4EA2-404C-BFD6-86F68BE17910}.Release|x86.Build.0 = Release|Win32
		{40B2E24B-4EA2-404C-BFD6-86F68BE17910}.RelWithDebInfo|Any CPU.ActiveCfg = Release|x64
		{40B2E24B-4EA2-404C-BFD6-86F68BE17910}.RelWithDebInfo|Any CPU.Build.0 = Release|x64
		{40B2E24B-4EA2-404C-BFD6-86F68BE17910}.RelWithDebInfo|x64.ActiveCfg = Release|x64
		{40B2E24B-4EA2-404C-BFD6-86F68BE17910}.RelWithDebInfo|x64.Build.0 = Release|x64
		{40B2E24B-4EA2-404C-BFD6-86F68BE17910}.RelWithDebInfo|x86.ActiveCfg = Release|Win32
		{40B2E24B-4EA2-404C-BFD6-86F68BE17910}.RelWithDebInfo|x86.Build.0 = Release|Win32
		{C8F6C172-56F2-4E76-B5FA-C3B423B31BE7}.Debug|Any CPU.ActiveCfg = Debug|Win32
		{C8F6C172-56F2-4E76-B5FA-C3B423B31BE7}.Debug|x64.ActiveCfg = Debug|x64
		{C8F6C172-56F2-4E76-B5FA-C3B423B31BE7}.Debug|x64.Build.0 = Debug|x64
		{C8F6C172-56F2-4E76-B5FA-C3B423B31BE7}.Debug|x86.ActiveCfg = Debug|Win32
		{C8F6C172-56F2-4E76-B5FA-C3B423B31BE7}.Debug|x86.Build.0 = Debug|Win32
		{C8F6C172-56F2-4E76-B5FA-C3B423B31BE7}.MinSizeRel|Any CPU.ActiveCfg = Release|x64
		{C8F6C172-56F2-4E76-B5FA-C3B423B31BE7}.MinSizeRel|Any CPU.Build.0 = Release|x64
		{C8F6C172-56F2-4E76-B5FA-C3B423B31BE7}.MinSizeRel|x64.ActiveCfg = Release|x64
		{C8F6C172-56F2-4E76-B5FA-C3B423B31BE7}.MinSizeRel|x64.Build.0 = Release|x64
		{C8F6C172-56F2-4E76-B5FA-C3B423B31BE7}.MinSizeRel|x86.ActiveCfg = Release|Win32
		{C8F6C172-56F2-4E76-B5FA-C3B423B31BE7}.MinSizeRel|x86.Build.0 = Release|Win32
		{C8F6C172-56F2-4E76-B5FA-C3B423B31BE7}.Release|Any CPU.ActiveCfg = Release|Win32
		{C8F6C172-56F2-4E76-B5FA-C3B423B31BE7}.Release|x64.ActiveCfg = Release|x64
		{C8F6C172-56F2-4E76-B5FA-C3B423B31BE7}.Release|x64.Build.0 = Release|x64
		{C8F6C172-56F2-4E76-B5FA-C3B423B31BE7}.Release|x86.ActiveCfg = Release|Win32
		{C8F6C172-56F2-4E76-B5FA-C3B423B31BE7}.Release|x86.Build.0 = Release|Win32
		{C8F6C172-56F2-4E76-B5FA-C3B423B31BE7}.RelWithDebInfo|Any CPU.ActiveCfg = Release|x64
		{C8F6C172-56F2-4E76-B5FA-C3B423B31BE7}.RelWithDebInfo|Any CPU.Build.0 = Release|x64
		{C8F6C172-56F2-4E76-B5FA-C3B423B31BE7}.RelWithDebInfo|x64.ActiveCfg = Release|x64
		{C8F6C172-56F2-4E76-B5FA-C3B423B31BE7}.RelWithDebInfo|x64.Build.0 = Release|x64
		{C8F6C172-56F2-4E76-B5FA-C3B423B31BE7}.RelWithDebInfo|x86.ActiveCfg = Release|Win32
		{C8F6C172-56F2-4E76-B5FA-C3B423B31BE7}.RelWithDebInfo|x86.Build.0 = Release|Win32
		{34681F0D-CE45-415D-B5F2-5C662DFE3BD5}.Debug|Any CPU.ActiveCfg = Debug|Win32
		{34681F0D-CE45-415D-B5F2-5C662DFE3BD5}.Debug|x64.ActiveCfg = Debug|x64
		{34681F0D-CE45-415D-B5F2-5C662DFE3BD5}.Debug|x64.Build.0 = Debug|x64
		{34681F0D-CE45-415D-B5F2-5C662DFE3BD5}.Debug|x86.ActiveCfg = Debug|Win32
		{34681F0D-CE45-415D-B5F2-5C662DFE3BD5}.Debug|x86.Build.0 = Debug|Win32
		{34681F0D-CE45-415D-B5F2-5C662DFE3BD5}.MinSizeRel|Any CPU.ActiveCfg = Release|x64
		{34681F0D-CE45-415D-B5F2-5C662DFE3BD5}.MinSizeRel|Any CPU.Build.0 = Release|x64
		{34681F0D-CE45-415D-B5F2-5C662DFE3BD5}.MinSizeRel|x64.ActiveCfg = Release|x64
		{34681F0D-CE45-415D-B5F2-5C662DFE3BD5}.MinSizeRel|x64.Build.0 = Release|x64
		{34681F0D-CE45-415D-B5F2-5C662DFE3BD5}.MinSizeRel|x86.ActiveCfg = Release|Win32
		{34681F0D-CE45-415D-B5F2-5C662DFE3BD5}.MinSizeRel|x86.Build.0 = Release|Win32
		{34681F0D-CE45-415D-B5F2-5C662DFE3BD5}.Release|Any CPU.ActiveCfg = Release|Win32
		{34681F0D-CE45-415D-B5F2-5C662DFE3BD5}.Release|x64.ActiveCfg = Release|x64
		{34681F0D-CE45-415D-B5F2-5C662DFE3BD5}.Release|x64.Build.0 = Release|x64
		{34681F0D-CE45-415D-B5F2-5C662DFE3BD5}.Release|x86.ActiveCfg = Release|Win32
		{34681F0D-CE45-415D-B5F2-5C662DFE3BD5}.Release|x86.Build.0 = Release|Win32
		{34681F0D-CE45-415D-B5F2-5C662DFE3BD5}.RelWithDebInfo|Any CPU.ActiveCfg = Release|x64
		{34681F0D-CE45-415D-B5F2-5C662DFE3BD5}.RelWithDebInfo|Any CPU.Build.0 = Release|x64
		{34681F0D-CE45-415D-B5F2-5C662DFE3BD5}.RelWithDebInfo|x64.ActiveCfg = Release|x64
		{34681F0D-CE45-415D-B5F2-5C662DFE3BD5}.RelWithDebInfo|x64.Build.0 = Release|x64
		{34681F0D-CE45-415D-B5F2-5C662DFE3BD5}.RelWithDebInfo|x86.ActiveCfg = Release|Win32
		{34681F0D-CE45-415D-B5F2-5C662DFE3BD5}.RelWithDebInfo|x86.Build.0 = Release|Win32
	EndGlobalSection
	GlobalSection(SolutionProperties) = preSolution
		HideSolutionNode = FALSE
	EndGlobalSection
	GlobalSection(NestedProjects) = preSolution
		{D1399492-D1FD-47F8-B3C1-7A692E845AEE} = {D220EDF0-E6D7-4DBA-A942-EBD0FAB196FF}
		{077B1DCE-B453-327F-BF3F-DEAB170280ED} = {D220EDF0-E6D7-4DBA-A942-EBD0FAB196FF}
		{622CDFC1-956D-4B99-8362-ACF14C959EE1} = {D1399492-D1FD-47F8-B3C1-7A692E845AEE}
		{8C07F811-C81C-432C-B334-1AE6FAECF951} = {D1399492-D1FD-47F8-B3C1-7A692E845AEE}
		{13E85053-54B3-487B-8DDB-3430B1C1B3BF} = {D1399492-D1FD-47F8-B3C1-7A692E845AEE}
		{C8F6C172-56F2-4E76-B5FA-C3B423B31BE7} = {D220EDF0-E6D7-4DBA-A942-EBD0FAB196FF}
		{34681F0D-CE45-415D-B5F2-5C662DFE3BD5} = {D220EDF0-E6D7-4DBA-A942-EBD0FAB196FF}
	EndGlobalSection
EndGlobal
